// !$*UTF8*$!
{
	archiveVersion = 1;
	classes = {
	};
	objectVersion = 77;
	objects = {

/* Begin PBXContainerItemProxy section */
		C4980C222DA6A3F400F3B536 /* PBXContainerItemProxy */ = {
			isa = PBXContainerItemProxy;
			containerPortal = C4980C092DA6A3F100F3B536 /* Project object */;
			proxyType = 1;
			remoteGlobalIDString = C4980C102DA6A3F100F3B536;
			remoteInfo = iConvert;
		};
		C4980C2C2DA6A3F400F3B536 /* PBXContainerItemProxy */ = {
			isa = PBXContainerItemProxy;
			containerPortal = C4980C092DA6A3F100F3B536 /* Project object */;
			proxyType = 1;
			remoteGlobalIDString = C4980C102DA6A3F100F3B536;
			remoteInfo = iConvert;
		};
/* End PBXContainerItemProxy section */

/* Begin PBXFileReference section */
		C4980C112DA6A3F100F3B536 /* iConvert.app */ = {isa = PBXFileReference; explicitFileType = wrapper.application; includeInIndex = 0; path = iConvert.app; sourceTree = BUILT_PRODUCTS_DIR; };
		C4980C212DA6A3F400F3B536 /* iConvertTests.xctest */ = {isa = PBXFileReference; explicitFileType = wrapper.cfbundle; includeInIndex = 0; path = iConvertTests.xctest; sourceTree = BUILT_PRODUCTS_DIR; };
		C4980C2B2DA6A3F400F3B536 /* iConvertUITests.xctest */ = {isa = PBXFileReference; explicitFileType = wrapper.cfbundle; includeInIndex = 0; path = iConvertUITests.xctest; sourceTree = BUILT_PRODUCTS_DIR; };
/* End PBXFileReference section */

/* Begin PBXFileSystemSynchronizedRootGroup section */
		C4980C132DA6A3F100F3B536 /* iConvert */ = {
			isa = PBXFileSystemSynchronizedRootGroup;
			path = iConvert;
			sourceTree = "<group>";
		};
		C4980C242DA6A3F400F3B536 /* iConvertTests */ = {
			isa = PBXFileSystemSynchronizedRootGroup;
			path = iConvertTests;
			sourceTree = "<group>";
		};
		C4980C2E2DA6A3F400F3B536 /* iConvertUITests */ = {
			isa = PBXFileSystemSynchronizedRootGroup;
			path = iConvertUITests;
			sourceTree = "<group>";
		};
/* End PBXFileSystemSynchronizedRootGroup section */

/* Begin PBXFrameworksBuildPhase section */
		C4980C0E2DA6A3F100F3B536 /* Frameworks */ = {
			isa = PBXFrameworksBuildPhase;
			buildActionMask = 2147483647;
			files = (
			);
			runOnlyForDeploymentPostprocessing = 0;
		};
		C4980C1E2DA6A3F400F3B536 /* Frameworks */ = {
			isa = PBXFrameworksBuildPhase;
			buildActionMask = 2147483647;
			files = (
			);
			runOnlyForDeploymentPostprocessing = 0;
		};
		C4980C282DA6A3F400F3B536 /* Frameworks */ = {
			isa = PBXFrameworksBuildPhase;
			buildActionMask = 2147483647;
			files = (
			);
			runOnlyForDeploymentPostprocessing = 0;
		};
/* End PBXFrameworksBuildPhase section */

/* Begin PBXGroup section */
		C4980C082DA6A3F100F3B536 = {
			isa = PBXGroup;
			children = (
				C4980C132DA6A3F100F3B536 /* iConvert */,
				C4980C242DA6A3F400F3B536 /* iConvertTests */,
				C4980C2E2DA6A3F400F3B536 /* iConvertUITests */,
				C4980C122DA6A3F100F3B536 /* Products */,
			);
			sourceTree = "<group>";
		};
		C4980C122DA6A3F100F3B536 /* Products */ = {
			isa = PBXGroup;
			children = (
				C4980C112DA6A3F100F3B536 /* iConvert.app */,
				C4980C212DA6A3F400F3B536 /* iConvertTests.xctest */,
				C4980C2B2DA6A3F400F3B536 /* iConvertUITests.xctest */,
			);
			name = Products;
			sourceTree = "<group>";
		};
/* End PBXGroup section */

/* Begin PBXNativeTarget section */
		C4980C102DA6A3F100F3B536 /* iConvert */ = {
			isa = PBXNativeTarget;
			buildConfigurationList = C4980C352DA6A3F400F3B536 /* Build configuration list for PBXNativeTarget "iConvert" */;
			buildPhases = (
				C4980C0D2DA6A3F100F3B536 /* Sources */,
				C4980C0E2DA6A3F100F3B536 /* Frameworks */,
				C4980C0F2DA6A3F100F3B536 /* Resources */,
			);
			buildRules = (
			);
			dependencies = (
			);
			fileSystemSynchronizedGroups = (
				C4980C132DA6A3F100F3B536 /* iConvert */,
			);
			name = iConvert;
			packageProductDependencies = (
			);
			productName = iConvert;
			productReference = C4980C112DA6A3F100F3B536 /* iConvert.app */;
			productType = "com.apple.product-type.application";
		};
		C4980C202DA6A3F400F3B536 /* iConvertTests */ = {
			isa = PBXNativeTarget;
			buildConfigurationList = C4980C382DA6A3F400F3B536 /* Build configuration list for PBXNativeTarget "iConvertTests" */;
			buildPhases = (
				C4980C1D2DA6A3F400F3B536 /* Sources */,
				C4980C1E2DA6A3F400F3B536 /* Frameworks */,
				C4980C1F2DA6A3F400F3B536 /* Resources */,
			);
			buildRules = (
			);
			dependencies = (
				C4980C232DA6A3F400F3B536 /* PBXTargetDependency */,
			);
			fileSystemSynchronizedGroups = (
				C4980C242DA6A3F400F3B536 /* iConvertTests */,
			);
			name = iConvertTests;
			packageProductDependencies = (
			);
			productName = iConvertTests;
			productReference = C4980C212DA6A3F400F3B536 /* iConvertTests.xctest */;
			productType = "com.apple.product-type.bundle.unit-test";
		};
		C4980C2A2DA6A3F400F3B536 /* iConvertUITests */ = {
			isa = PBXNativeTarget;
			buildConfigurationList = C4980C3B2DA6A3F400F3B536 /* Build configuration list for PBXNativeTarget "iConvertUITests" */;
			buildPhases = (
				C4980C272DA6A3F400F3B536 /* Sources */,
				C4980C282DA6A3F400F3B536 /* Frameworks */,
				C4980C292DA6A3F400F3B536 /* Resources */,
			);
			buildRules = (
			);
			dependencies = (
				C4980C2D2DA6A3F400F3B536 /* PBXTargetDependency */,
			);
			fileSystemSynchronizedGroups = (
				C4980C2E2DA6A3F400F3B536 /* iConvertUITests */,
			);
			name = iConvertUITests;
			packageProductDependencies = (
			);
			productName = iConvertUITests;
			productReference = C4980C2B2DA6A3F400F3B536 /* iConvertUITests.xctest */;
			productType = "com.apple.product-type.bundle.ui-testing";
		};
/* End PBXNativeTarget section */

/* Begin PBXProject section */
		C4980C092DA6A3F100F3B536 /* Project object */ = {
			isa = PBXProject;
			attributes = {
				BuildIndependentTargetsInParallel = 1;
				LastSwiftUpdateCheck = 1600;
				LastUpgradeCheck = 1600;
				TargetAttributes = {
					C4980C102DA6A3F100F3B536 = {
						CreatedOnToolsVersion = 16.0;
					};
					C4980C202DA6A3F400F3B536 = {
						CreatedOnToolsVersion = 16.0;
						TestTargetID = C4980C102DA6A3F100F3B536;
					};
					C4980C2A2DA6A3F400F3B536 = {
						CreatedOnToolsVersion = 16.0;
						TestTargetID = C4980C102DA6A3F100F3B536;
					};
				};
			};
			buildConfigurationList = C4980C0C2DA6A3F100F3B536 /* Build configuration list for PBXProject "iConvert" */;
			developmentRegion = en;
			hasScannedForEncodings = 0;
			knownRegions = (
				en,
				Base,
			);
			mainGroup = C4980C082DA6A3F100F3B536;
			minimizedProjectReferenceProxies = 1;
			preferredProjectObjectVersion = 77;
			productRefGroup = C4980C122DA6A3F100F3B536 /* Products */;
			projectDirPath = "";
			projectRoot = "";
			targets = (
				C4980C102DA6A3F100F3B536 /* iConvert */,
				C4980C202DA6A3F400F3B536 /* iConvertTests */,
				C4980C2A2DA6A3F400F3B536 /* iConvertUITests */,
			);
		};
/* End PBXProject section */

/* Begin PBXResourcesBuildPhase section */
		C4980C0F2DA6A3F100F3B536 /* Resources */ = {
			isa = PBXResourcesBuildPhase;
			buildActionMask = 2147483647;
			files = (
			);
			runOnlyForDeploymentPostprocessing = 0;
		};
		C4980C1F2DA6A3F400F3B536 /* Resources */ = {
			isa = PBXResourcesBuildPhase;
			buildActionMask = 2147483647;
			files = (
			);
			runOnlyForDeploymentPostprocessing = 0;
		};
		C4980C292DA6A3F400F3B536 /* Resources */ = {
			isa = PBXResourcesBuildPhase;
			buildActionMask = 2147483647;
			files = (
			);
			runOnlyForDeploymentPostprocessing = 0;
		};
/* End PBXResourcesBuildPhase section */

/* Begin PBXSourcesBuildPhase section */
		C4980C0D2DA6A3F100F3B536 /* Sources */ = {
			isa = PBXSourcesBuildPhase;
			buildActionMask = 2147483647;
			files = (
			);
			runOnlyForDeploymentPostprocessing = 0;
		};
		C4980C1D2DA6A3F400F3B536 /* Sources */ = {
			isa = PBXSourcesBuildPhase;
			buildActionMask = 2147483647;
			files = (
			);
			runOnlyForDeploymentPostprocessing = 0;
		};
		C4980C272DA6A3F400F3B536 /* Sources */ = {
			isa = PBXSourcesBuildPhase;
			buildActionMask = 2147483647;
			files = (
			);
			runOnlyForDeploymentPostprocessing = 0;
		};
/* End PBXSourcesBuildPhase section */

/* Begin PBXTargetDependency section */
		C4980C232DA6A3F400F3B536 /* PBXTargetDependency */ = {
			isa = PBXTargetDependency;
			target = C4980C102DA6A3F100F3B536 /* iConvert */;
			targetProxy = C4980C222DA6A3F400F3B536 /* PBXContainerItemProxy */;
		};
		C4980C2D2DA6A3F400F3B536 /* PBXTargetDependency */ = {
			isa = PBXTargetDependency;
			target = C4980C102DA6A3F100F3B536 /* iConvert */;
			targetProxy = C4980C2C2DA6A3F400F3B536 /* PBXContainerItemProxy */;
		};
/* End PBXTargetDependency section */

/* Begin XCBuildConfiguration section */
		C4980C332DA6A3F400F3B536 /* Debug */ = {
			isa = XCBuildConfiguration;
			buildSettings = {
				ALWAYS_SEARCH_USER_PATHS = NO;
				ASSETCATALOG_COMPILER_GENERATE_SWIFT_ASSET_SYMBOL_EXTENSIONS = YES;
				CLANG_ANALYZER_NONNULL = YES;
				CLANG_ANALYZER_NUMBER_OBJECT_CONVERSION = YES_AGGRESSIVE;
				CLANG_CXX_LANGUAGE_STANDARD = "gnu++20";
				CLANG_ENABLE_MODULES = YES;
				CLANG_ENABLE_OBJC_ARC = YES;
				CLANG_ENABLE_OBJC_WEAK = YES;
				CLANG_WARN_BLOCK_CAPTURE_AUTORELEASING = YES;
				CLANG_WARN_BOOL_CONVERSION = YES;
				CLANG_WARN_COMMA = YES;
				CLANG_WARN_CONSTANT_CONVERSION = YES;
				CLANG_WARN_DEPRECATED_OBJC_IMPLEMENTATIONS = YES;
				CLANG_WARN_DIRECT_OBJC_ISA_USAGE = YES_ERROR;
				CLANG_WARN_DOCUMENTATION_COMMENTS = YES;
				CLANG_WARN_EMPTY_BODY = YES;
				CLANG_WARN_ENUM_CONVERSION = YES;
				CLANG_WARN_INFINITE_RECURSION = YES;
				CLANG_WARN_INT_CONVERSION = YES;
				CLANG_WARN_NON_LITERAL_NULL_CONVERSION = YES;
				CLANG_WARN_OBJC_IMPLICIT_RETAIN_SELF = YES;
				CLANG_WARN_OBJC_LITERAL_CONVERSION = YES;
				CLANG_WARN_OBJC_ROOT_CLASS = YES_ERROR;
				CLANG_WARN_QUOTED_INCLUDE_IN_FRAMEWORK_HEADER = YES;
				CLANG_WARN_RANGE_LOOP_ANALYSIS = YES;
				CLANG_WARN_STRICT_PROTOTYPES = YES;
				CLANG_WARN_SUSPICIOUS_MOVE = YES;
				CLANG_WARN_UNGUARDED_AVAILABILITY = YES_AGGRESSIVE;
				CLANG_WARN_UNREACHABLE_CODE = YES;
				CLANG_WARN__DUPLICATE_METHOD_MATCH = YES;
				COPY_PHASE_STRIP = NO;
				DEBUG_INFORMATION_FORMAT = dwarf;
				ENABLE_STRICT_OBJC_MSGSEND = YES;
				ENABLE_TESTABILITY = YES;
				ENABLE_USER_SCRIPT_SANDBOXING = YES;
				GCC_C_LANGUAGE_STANDARD = gnu17;
				GCC_DYNAMIC_NO_PIC = NO;
				GCC_NO_COMMON_BLOCKS = YES;
				GCC_OPTIMIZATION_LEVEL = 0;
				GCC_PREPROCESSOR_DEFINITIONS = (
					"DEBUG=1",
					"$(inherited)",
				);
				GCC_WARN_64_TO_32_BIT_CONVERSION = YES;
				GCC_WARN_ABOUT_RETURN_TYPE = YES_ERROR;
				GCC_WARN_UNDECLARED_SELECTOR = YES;
				GCC_WARN_UNINITIALIZED_AUTOS = YES_AGGRESSIVE;
				GCC_WARN_UNUSED_FUNCTION = YES;
				GCC_WARN_UNUSED_VARIABLE = YES;
				IPHONEOS_DEPLOYMENT_TARGET = 18.0;
				LOCALIZATION_PREFERS_STRING_CATALOGS = YES;
				MTL_ENABLE_DEBUG_INFO = INCLUDE_SOURCE;
				MTL_FAST_MATH = YES;
				ONLY_ACTIVE_ARCH = YES;
				SDKROOT = iphoneos;
				SWIFT_ACTIVE_COMPILATION_CONDITIONS = "DEBUG $(inherited)";
				SWIFT_OPTIMIZATION_LEVEL = "-Onone";
			};
			name = Debug;
		};
		C4980C342DA6A3F400F3B536 /* Release */ = {
			isa = XCBuildConfiguration;
			buildSettings = {
				ALWAYS_SEARCH_USER_PATHS = NO;
				ASSETCATALOG_COMPILER_GENERATE_SWIFT_ASSET_SYMBOL_EXTENSIONS = YES;
				CLANG_ANALYZER_NONNULL = YES;
				CLANG_ANALYZER_NUMBER_OBJECT_CONVERSION = YES_AGGRESSIVE;
				CLANG_CXX_LANGUAGE_STANDARD = "gnu++20";
				CLANG_ENABLE_MODULES = YES;
				CLANG_ENABLE_OBJC_ARC = YES;
				CLANG_ENABLE_OBJC_WEAK = YES;
				CLANG_WARN_BLOCK_CAPTURE_AUTORELEASING = YES;
				CLANG_WARN_BOOL_CONVERSION = YES;
				CLANG_WARN_COMMA = YES;
				CLANG_WARN_CONSTANT_CONVERSION = YES;
				CLANG_WARN_DEPRECATED_OBJC_IMPLEMENTATIONS = YES;
				CLANG_WARN_DIRECT_OBJC_ISA_USAGE = YES_ERROR;
				CLANG_WARN_DOCUMENTATION_COMMENTS = YES;
				CLANG_WARN_EMPTY_BODY = YES;
				CLANG_WARN_ENUM_CONVERSION = YES;
				CLANG_WARN_INFINITE_RECURSION = YES;
				CLANG_WARN_INT_CONVERSION = YES;
				CLANG_WARN_NON_LITERAL_NULL_CONVERSION = YES;
				CLANG_WARN_OBJC_IMPLICIT_RETAIN_SELF = YES;
				CLANG_WARN_OBJC_LITERAL_CONVERSION = YES;
				CLANG_WARN_OBJC_ROOT_CLASS = YES_ERROR;
				CLANG_WARN_QUOTED_INCLUDE_IN_FRAMEWORK_HEADER = YES;
				CLANG_WARN_RANGE_LOOP_ANALYSIS = YES;
				CLANG_WARN_STRICT_PROTOTYPES = YES;
				CLANG_WARN_SUSPICIOUS_MOVE = YES;
				CLANG_WARN_UNGUARDED_AVAILABILITY = YES_AGGRESSIVE;
				CLANG_WARN_UNREACHABLE_CODE = YES;
				CLANG_WARN__DUPLICATE_METHOD_MATCH = YES;
				COPY_PHASE_STRIP = NO;
				DEBUG_INFORMATION_FORMAT = "dwarf-with-dsym";
				ENABLE_NS_ASSERTIONS = NO;
				ENABLE_STRICT_OBJC_MSGSEND = YES;
				ENABLE_USER_SCRIPT_SANDBOXING = YES;
				GCC_C_LANGUAGE_STANDARD = gnu17;
				GCC_NO_COMMON_BLOCKS = YES;
				GCC_WARN_64_TO_32_BIT_CONVERSION = YES;
				GCC_WARN_ABOUT_RETURN_TYPE = YES_ERROR;
				GCC_WARN_UNDECLARED_SELECTOR = YES;
				GCC_WARN_UNINITIALIZED_AUTOS = YES_AGGRESSIVE;
				GCC_WARN_UNUSED_FUNCTION = YES;
				GCC_WARN_UNUSED_VARIABLE = YES;
				IPHONEOS_DEPLOYMENT_TARGET = 18.0;
				LOCALIZATION_PREFERS_STRING_CATALOGS = YES;
				MTL_ENABLE_DEBUG_INFO = NO;
				MTL_FAST_MATH = YES;
				SDKROOT = iphoneos;
				SWIFT_COMPILATION_MODE = wholemodule;
				VALIDATE_PRODUCT = YES;
			};
			name = Release;
		};
		C4980C362DA6A3F400F3B536 /* Debug */ = {
			isa = XCBuildConfiguration;
			buildSettings = {
				ASSETCATALOG_COMPILER_APPICON_NAME = AppIcon;
				ASSETCATALOG_COMPILER_GLOBAL_ACCENT_COLOR_NAME = AccentColor;
				CODE_SIGN_STYLE = Automatic;
				CURRENT_PROJECT_VERSION = 1;
				DEVELOPMENT_ASSET_PATHS = "\"iConvert/Preview Content\"";
				DEVELOPMENT_TEAM = P44ANXX3U9;
				ENABLE_PREVIEWS = YES;
				GENERATE_INFOPLIST_FILE = YES;
				INFOPLIST_KEY_UIApplicationSceneManifest_Generation = YES;
				INFOPLIST_KEY_UIApplicationSupportsIndirectInputEvents = YES;
				INFOPLIST_KEY_UILaunchScreen_Generation = YES;
				INFOPLIST_KEY_UISupportedInterfaceOrientations_iPad = "UIInterfaceOrientationPortrait UIInterfaceOrientationPortraitUpsideDown UIInterfaceOrientationLandscapeLeft UIInterfaceOrientationLandscapeRight";
				INFOPLIST_KEY_UISupportedInterfaceOrientations_iPhone = "UIInterfaceOrientationPortrait UIInterfaceOrientationLandscapeLeft UIInterfaceOrientationLandscapeRight";
				LD_RUNPATH_SEARCH_PATHS = (
					"$(inherited)",
					"@executable_path/Frameworks",
				);
				MARKETING_VERSION = 1.0;
				PRODUCT_BUNDLE_IDENTIFIER = com.plgrazon.iConvert;
				PRODUCT_NAME = "$(TARGET_NAME)";
				SWIFT_EMIT_LOC_STRINGS = YES;
				SWIFT_VERSION = 5.0;
				TARGETED_DEVICE_FAMILY = "1,2";
			};
			name = Debug;
		};
		C4980C372DA6A3F400F3B536 /* Release */ = {
			isa = XCBuildConfiguration;
			buildSettings = {
				ASSETCATALOG_COMPILER_APPICON_NAME = AppIcon;
				ASSETCATALOG_COMPILER_GLOBAL_ACCENT_COLOR_NAME = AccentColor;
				CODE_SIGN_STYLE = Automatic;
				CURRENT_PROJECT_VERSION = 1;
				DEVELOPMENT_ASSET_PATHS = "\"iConvert/Preview Content\"";
				DEVELOPMENT_TEAM = P44ANXX3U9;
				ENABLE_PREVIEWS = YES;
				GENERATE_INFOPLIST_FILE = YES;
				INFOPLIST_KEY_UIApplicationSceneManifest_Generation = YES;
				INFOPLIST_KEY_UIApplicationSupportsIndirectInputEvents = YES;
				INFOPLIST_KEY_UILaunchScreen_Generation = YES;
				INFOPLIST_KEY_UISupportedInterfaceOrientations_iPad = "UIInterfaceOrientationPortrait UIInterfaceOrientationPortraitUpsideDown UIInterfaceOrientationLandscapeLeft UIInterfaceOrientationLandscapeRight";
				INFOPLIST_KEY_UISupportedInterfaceOrientations_iPhone = "UIInterfaceOrientationPortrait UIInterfaceOrientationLandscapeLeft UIInterfaceOrientationLandscapeRight";
				LD_RUNPATH_SEARCH_PATHS = (
					"$(inherited)",
					"@executable_path/Frameworks",
				);
				MARKETING_VERSION = 1.0;
				PRODUCT_BUNDLE_IDENTIFIER = com.plgrazon.iConvert;
				PRODUCT_NAME = "$(TARGET_NAME)";
				SWIFT_EMIT_LOC_STRINGS = YES;
				SWIFT_VERSION = 5.0;
				TARGETED_DEVICE_FAMILY = "1,2";
			};
			name = Release;
		};
		C4980C392DA6A3F400F3B536 /* Debug */ = {
			isa = XCBuildConfiguration;
			buildSettings = {
				BUNDLE_LOADER = "$(TEST_HOST)";
				CODE_SIGN_STYLE = Automatic;
				CURRENT_PROJECT_VERSION = 1;
				DEVELOPMENT_TEAM = P44ANXX3U9;
				GENERATE_INFOPLIST_FILE = YES;
				IPHONEOS_DEPLOYMENT_TARGET = 18.0;
				MARKETING_VERSION = 1.0;
				PRODUCT_BUNDLE_IDENTIFIER = com.plgrazon.iConvertTests;
				PRODUCT_NAME = "$(TARGET_NAME)";
				SWIFT_EMIT_LOC_STRINGS = NO;
				SWIFT_VERSION = 5.0;
				TARGETED_DEVICE_FAMILY = "1,2";
				TEST_HOST = "$(BUILT_PRODUCTS_DIR)/iConvert.app/$(BUNDLE_EXECUTABLE_FOLDER_PATH)/iConvert";
			};
			name = Debug;
		};
		C4980C3A2DA6A3F400F3B536 /* Release */ = {
			isa = XCBuildConfiguration;
			buildSettings = {
				BUNDLE_LOADER = "$(TEST_HOST)";
				CODE_SIGN_STYLE = Automatic;
				CURRENT_PROJECT_VERSION = 1;
				DEVELOPMENT_TEAM = P44ANXX3U9;
				GENERATE_INFOPLIST_FILE = YES;
				IPHONEOS_DEPLOYMENT_TARGET = 18.0;
				MARKETING_VERSION = 1.0;
				PRODUCT_BUNDLE_IDENTIFIER = com.plgrazon.iConvertTests;
				PRODUCT_NAME = "$(TARGET_NAME)";
				SWIFT_EMIT_LOC_STRINGS = NO;
				SWIFT_VERSION = 5.0;
				TARGETED_DEVICE_FAMILY = "1,2";
				TEST_HOST = "$(BUILT_PRODUCTS_DIR)/iConvert.app/$(BUNDLE_EXECUTABLE_FOLDER_PATH)/iConvert";
			};
			name = Release;
		};
		C4980C3C2DA6A3F400F3B536 /* Debug */ = {
			isa = XCBuildConfiguration;
			buildSettings = {
				CODE_SIGN_STYLE = Automatic;
				CURRENT_PROJECT_VERSION = 1;
				DEVELOPMENT_TEAM = P44ANXX3U9;
				GENERATE_INFOPLIST_FILE = YES;
				MARKETING_VERSION = 1.0;
				PRODUCT_BUNDLE_IDENTIFIER = com.plgrazon.iConvertUITests;
				PRODUCT_NAME = "$(TARGET_NAME)";
				SWIFT_EMIT_LOC_STRINGS = NO;
				SWIFT_VERSION = 5.0;
				TARGETED_DEVICE_FAMILY = "1,2";
				TEST_TARGET_NAME = iConvert;
			};
			name = Debug;
		};
		C4980C3D2DA6A3F400F3B536 /* Release */ = {
			isa = XCBuildConfiguration;
			buildSettings = {
				CODE_SIGN_STYLE = Automatic;
				CURRENT_PROJECT_VERSION = 1;
				DEVELOPMENT_TEAM = P44ANXX3U9;
				GENERATE_INFOPLIST_FILE = YES;
				MARKETING_VERSION = 1.0;
				PRODUCT_BUNDLE_IDENTIFIER = com.plgrazon.iConvertUITests;
				PRODUCT_NAME = "$(TARGET_NAME)";
				SWIFT_EMIT_LOC_STRINGS = NO;
				SWIFT_VERSION = 5.0;
				TARGETED_DEVICE_FAMILY = "1,2";
				TEST_TARGET_NAME = iConvert;
			};
			name = Release;
		};
/* End XCBuildConfiguration section */

/* Begin XCConfigurationList section */
		C4980C0C2DA6A3F100F3B536 /* Build configuration list for PBXProject "iConvert" */ = {
			isa = XCConfigurationList;
			buildConfigurations = (
				C4980C332DA6A3F400F3B536 /* Debug */,
				C4980C342DA6A3F400F3B536 /* Release */,
			);
			defaultConfigurationIsVisible = 0;
			defaultConfigurationName = Release;
		};
		C4980C352DA6A3F400F3B536 /* Build configuration list for PBXNativeTarget "iConvert" */ = {
			isa = XCConfigurationList;
			buildConfigurations = (
				C4980C362DA6A3F400F3B536 /* Debug */,
				C4980C372DA6A3F400F3B536 /* Release */,
			);
			defaultConfigurationIsVisible = 0;
			defaultConfigurationName = Release;
		};
		C4980C382DA6A3F400F3B536 /* Build configuration list for PBXNativeTarget "iConvertTests" */ = {
			isa = XCConfigurationList;
			buildConfigurations = (
				C4980C392DA6A3F400F3B536 /* Debug */,
				C4980C3A2DA6A3F400F3B536 /* Release */,
			);
			defaultConfigurationIsVisible = 0;
			defaultConfigurationName = Release;
		};
		C4980C3B2DA6A3F400F3B536 /* Build configuration list for PBXNativeTarget "iConvertUITests" */ = {
			isa = XCConfigurationList;
			buildConfigurations = (
				C4980C3C2DA6A3F400F3B536 /* Debug */,
				C4980C3D2DA6A3F400F3B536 /* Release */,
			);
			defaultConfigurationIsVisible = 0;
			defaultConfigurationName = Release;
		};
/* End XCConfigurationList section */
	};
	rootObject = C4980C092DA6A3F100F3B536 /* Project object */;
}
